
Microsoft Visual Studio Solution File, Format Version 12.00
# Visual Studio Version 17
VisualStudioVersion = 17.7.34221.43
MinimumVisualStudioVersion = 10.0.40219.1
Project("{FAE04EC0-301F-11D3-BF4B-00C04F79EFBC}") = "Fibanocci_Solution", "Fibanocci_Solution.csproj", "{CA33C5CB-F9C6-4A31-A4A4-93BE5BFD2BD8}"
EndProject
Project("{FAE04EC0-301F-11D3-BF4B-00C04F79EFBC}") = "Fibanocci_Tests", "..\Fibanocci_Tests\Fibanocci_Tests.csproj", "{3749BB08-11A4-4B73-A069-F6244D9337BB}"
EndProject
Global
	GlobalSection(SolutionConfigurationPlatforms) = preSolution
		Debug|Any CPU = Debug|Any CPU
		Release|Any CPU = Release|Any CPU
	EndGlobalSection
	GlobalSection(ProjectConfigurationPlatforms) = postSolution
		{CA33C5CB-F9C6-4A31-A4A4-93BE5BFD2BD8}.Debug|Any CPU.ActiveCfg = Debug|Any CPU
		{CA33C5CB-F9C6-4A31-A4A4-93BE5BFD2BD8}.Debug|Any CPU.Build.0 = Debug|Any CPU
		{CA33C5CB-F9C6-4A31-A4A4-93BE5BFD2BD8}.Release|Any CPU.ActiveCfg = Release|Any CPU
		{CA33C5CB-F9C6-4A31-A4A4-93BE5BFD2BD8}.Release|Any CPU.Build.0 = Release|Any CPU
		{3749BB08-11A4-4B73-A069-F6244D9337BB}.Debug|Any CPU.ActiveCfg = Debug|Any CPU
		{3749BB08-11A4-4B73-A069-F6244D9337BB}.Debug|Any CPU.Build.0 = Debug|Any CPU
		{3749BB08-11A4-4B73-A069-F6244D9337BB}.Release|Any CPU.ActiveCfg = Release|Any CPU
		{3749BB08-11A4-4B73-A069-F6244D9337BB}.Release|Any CPU.Build.0 = Release|Any CPU
	EndGlobalSection
	GlobalSection(SolutionProperties) = preSolution
		HideSolutionNode = FALSE
	EndGlobalSection
	GlobalSection(ExtensibilityGlobals) = postSolution
		SolutionGuid = {AF9ADB41-3377-4FDF-A3CF-97675AEC11BE}
	EndGlobalSection
EndGlobal
